
Microsoft Visual Studio Solution File, Format Version 12.00
# Visual Studio 2013
VisualStudioVersion = 12.0.40629.0
MinimumVisualStudioVersion = 10.0.40219.1
Project("{9092AA53-FB77-4645-B42D-1CCCA6BD08BD}") = "Problem_01-Group-People", "Problem_01-Group-People\Problem_01-Group-People.njsproj", "{BC352D2B-13BE-4311-B709-F457F286A3F7}"
EndProject
Project("{9092AA53-FB77-4645-B42D-1CCCA6BD08BD}") = "Problem_02-Uncle-Scrooge-Bag", "Problem_02-Uncle-Scrooge-Bag\Problem_02-Uncle-Scrooge-Bag.njsproj", "{330A733D-483D-4EA1-92F8-AA1FFA8844EF}"
EndProject
Global
	GlobalSection(SolutionConfigurationPlatforms) = preSolution
		Debug|Any CPU = Debug|Any CPU
		Release|Any CPU = Release|Any CPU
	EndGlobalSection
	GlobalSection(ProjectConfigurationPlatforms) = postSolution
		{BC352D2B-13BE-4311-B709-F457F286A3F7}.Debug|Any CPU.ActiveCfg = Debug|Any CPU
		{BC352D2B-13BE-4311-B709-F457F286A3F7}.Debug|Any CPU.Build.0 = Debug|Any CPU
		{BC352D2B-13BE-4311-B709-F457F286A3F7}.Release|Any CPU.ActiveCfg = Release|Any CPU
		{BC352D2B-13BE-4311-B709-F457F286A3F7}.Release|Any CPU.Build.0 = Release|Any CPU
		{330A733D-483D-4EA1-92F8-AA1FFA8844EF}.Debug|Any CPU.ActiveCfg = Debug|Any CPU
		{330A733D-483D-4EA1-92F8-AA1FFA8844EF}.Debug|Any CPU.Build.0 = Debug|Any CPU
		{330A733D-483D-4EA1-92F8-AA1FFA8844EF}.Release|Any CPU.ActiveCfg = Release|Any CPU
		{330A733D-483D-4EA1-92F8-AA1FFA8844EF}.Release|Any CPU.Build.0 = Release|Any CPU
	EndGlobalSection
	GlobalSection(SolutionProperties) = preSolution
		HideSolutionNode = FALSE
	EndGlobalSection
EndGlobal
